// !$*UTF8*$!
{
	archiveVersion = 1;
	classes = {
	};
	objectVersion = 56;
	objects = {

/* Begin PBXBuildFile section */
		A193A5442EA4B5290012E961 /* DevoteApp.swift in Sources */ = {isa = PBXBuildFile; fileRef = A193A5432EA4B5290012E961 /* DevoteApp.swift */; };
		A193A5462EA4B5290012E961 /* ContentView.swift in Sources */ = {isa = PBXBuildFile; fileRef = A193A5452EA4B5290012E961 /* ContentView.swift */; };
		A193A5482EA4B52A0012E961 /* Assets.xcassets in Resources */ = {isa = PBXBuildFile; fileRef = A193A5472EA4B52A0012E961 /* Assets.xcassets */; };
		A193A54B2EA4B52A0012E961 /* Preview Assets.xcassets in Resources */ = {isa = PBXBuildFile; fileRef = A193A54A2EA4B52A0012E961 /* Preview Assets.xcassets */; };
		A193A54D2EA4B52A0012E961 /* Persistence.swift in Sources */ = {isa = PBXBuildFile; fileRef = A193A54C2EA4B52A0012E961 /* Persistence.swift */; };
		A193A5502EA4B52A0012E961 /* Devote.xcdatamodeld in Sources */ = {isa = PBXBuildFile; fileRef = A193A54E2EA4B52A0012E961 /* Devote.xcdatamodeld */; };
		A193A5592EA4B64A0012E961 /* sound-ding.mp3 in Resources */ = {isa = PBXBuildFile; fileRef = A193A5562EA4B64A0012E961 /* sound-ding.mp3 */; };
		A193A55A2EA4B64A0012E961 /* sound-tap.mp3 in Resources */ = {isa = PBXBuildFile; fileRef = A193A5572EA4B64A0012E961 /* sound-tap.mp3 */; };
		A193A55B2EA4B64A0012E961 /* sound-rise.mp3 in Resources */ = {isa = PBXBuildFile; fileRef = A193A5582EA4B64A0012E961 /* sound-rise.mp3 */; };
		A193A5692EA4D2740012E961 /* Constant.swift in Sources */ = {isa = PBXBuildFile; fileRef = A193A5682EA4D2740012E961 /* Constant.swift */; };
/* End PBXBuildFile section */

/* Begin PBXFileReference section */
		A193A5402EA4B5290012E961 /* Devote.app */ = {isa = PBXFileReference; explicitFileType = wrapper.application; includeInIndex = 0; path = Devote.app; sourceTree = BUILT_PRODUCTS_DIR; };
		A193A5432EA4B5290012E961 /* DevoteApp.swift */ = {isa = PBXFileReference; lastKnownFileType = sourcecode.swift; path = DevoteApp.swift; sourceTree = "<group>"; };
		A193A5452EA4B5290012E961 /* ContentView.swift */ = {isa = PBXFileReference; lastKnownFileType = sourcecode.swift; path = ContentView.swift; sourceTree = "<group>"; };
		A193A5472EA4B52A0012E961 /* Assets.xcassets */ = {isa = PBXFileReference; lastKnownFileType = folder.assetcatalog; path = Assets.xcassets; sourceTree = "<group>"; };
		A193A54A2EA4B52A0012E961 /* Preview Assets.xcassets */ = {isa = PBXFileReference; lastKnownFileType = folder.assetcatalog; path = "Preview Assets.xcassets"; sourceTree = "<group>"; };
		A193A54C2EA4B52A0012E961 /* Persistence.swift */ = {isa = PBXFileReference; lastKnownFileType = sourcecode.swift; path = Persistence.swift; sourceTree = "<group>"; };
		A193A54F2EA4B52A0012E961 /* Devote.xcdatamodel */ = {isa = PBXFileReference; lastKnownFileType = wrapper.xcdatamodel; path = Devote.xcdatamodel; sourceTree = "<group>"; };
		A193A5562EA4B64A0012E961 /* sound-ding.mp3 */ = {isa = PBXFileReference; lastKnownFileType = audio.mp3; path = "sound-ding.mp3"; sourceTree = "<group>"; };
		A193A5572EA4B64A0012E961 /* sound-tap.mp3 */ = {isa = PBXFileReference; lastKnownFileType = audio.mp3; path = "sound-tap.mp3"; sourceTree = "<group>"; };
		A193A5582EA4B64A0012E961 /* sound-rise.mp3 */ = {isa = PBXFileReference; lastKnownFileType = audio.mp3; path = "sound-rise.mp3"; sourceTree = "<group>"; };
		A193A5632EA4B7F80012E961 /* Info.plist */ = {isa = PBXFileReference; lastKnownFileType = text.plist; path = Info.plist; sourceTree = "<group>"; };
		A193A5682EA4D2740012E961 /* Constant.swift */ = {isa = PBXFileReference; lastKnownFileType = sourcecode.swift; path = Constant.swift; sourceTree = "<group>"; };
/* End PBXFileReference section */

/* Begin PBXFrameworksBuildPhase section */
		A193A53D2EA4B5290012E961 /* Frameworks */ = {
			isa = PBXFrameworksBuildPhase;
			buildActionMask = 2147483647;
			files = (
			);
			runOnlyForDeploymentPostprocessing = 0;
		};
/* End PBXFrameworksBuildPhase section */

/* Begin PBXGroup section */
		A193A5372EA4B5290012E961 = {
			isa = PBXGroup;
			children = (
				A193A5422EA4B5290012E961 /* Devote */,
				A193A5412EA4B5290012E961 /* Products */,
			);
			sourceTree = "<group>";
		};
		A193A5412EA4B5290012E961 /* Products */ = {
			isa = PBXGroup;
			children = (
				A193A5402EA4B5290012E961 /* Devote.app */,
			);
			name = Products;
			sourceTree = "<group>";
		};
		A193A5422EA4B5290012E961 /* Devote */ = {
			isa = PBXGroup;
			children = (
				A193A5632EA4B7F80012E961 /* Info.plist */,
				A193A5432EA4B5290012E961 /* DevoteApp.swift */,
				A193A55E2EA4B6AC0012E961 /* View */,
				A193A5472EA4B52A0012E961 /* Assets.xcassets */,
				A193A5622EA4B7380012E961 /* Model */,
				A193A5612EA4B6EE0012E961 /* Style */,
				A193A55F2EA4B6CC0012E961 /* Extensions */,
				A193A5602EA4B6DB0012E961 /* Utility */,
				A193A55D2EA4B68D0012E961 /* Sound */,
				A193A5492EA4B52A0012E961 /* Preview Content */,
			);
			path = Devote;
			sourceTree = "<group>";
		};
		A193A5492EA4B52A0012E961 /* Preview Content */ = {
			isa = PBXGroup;
			children = (
				A193A54A2EA4B52A0012E961 /* Preview Assets.xcassets */,
			);
			path = "Preview Content";
			sourceTree = "<group>";
		};
		A193A55D2EA4B68D0012E961 /* Sound */ = {
			isa = PBXGroup;
			children = (
				A193A5562EA4B64A0012E961 /* sound-ding.mp3 */,
				A193A5582EA4B64A0012E961 /* sound-rise.mp3 */,
				A193A5572EA4B64A0012E961 /* sound-tap.mp3 */,
			);
			path = Sound;
			sourceTree = "<group>";
		};
		A193A55E2EA4B6AC0012E961 /* View */ = {
			isa = PBXGroup;
			children = (
				A193A5452EA4B5290012E961 /* ContentView.swift */,
			);
			path = View;
			sourceTree = "<group>";
		};
		A193A55F2EA4B6CC0012E961 /* Extensions */ = {
			isa = PBXGroup;
			children = (
			);
			path = Extensions;
			sourceTree = "<group>";
		};
		A193A5602EA4B6DB0012E961 /* Utility */ = {
			isa = PBXGroup;
			children = (
				A193A5682EA4D2740012E961 /* Constant.swift */,
			);
			path = Utility;
			sourceTree = "<group>";
		};
		A193A5612EA4B6EE0012E961 /* Style */ = {
			isa = PBXGroup;
			children = (
			);
			path = Style;
			sourceTree = "<group>";
		};
		A193A5622EA4B7380012E961 /* Model */ = {
			isa = PBXGroup;
			children = (
				A193A54C2EA4B52A0012E961 /* Persistence.swift */,
				A193A54E2EA4B52A0012E961 /* Devote.xcdatamodeld */,
			);
			path = Model;
			sourceTree = "<group>";
		};
/* End PBXGroup section */

/* Begin PBXNativeTarget section */
		A193A53F2EA4B5290012E961 /* Devote */ = {
			isa = PBXNativeTarget;
			buildConfigurationList = A193A5532EA4B52A0012E961 /* Build configuration list for PBXNativeTarget "Devote" */;
			buildPhases = (
				A193A53C2EA4B5290012E961 /* Sources */,
				A193A53D2EA4B5290012E961 /* Frameworks */,
				A193A53E2EA4B5290012E961 /* Resources */,
			);
			buildRules = (
			);
			dependencies = (
			);
			name = Devote;
			productName = Devote;
			productReference = A193A5402EA4B5290012E961 /* Devote.app */;
			productType = "com.apple.product-type.application";
		};
/* End PBXNativeTarget section */

/* Begin PBXProject section */
		A193A5382EA4B5290012E961 /* Project object */ = {
			isa = PBXProject;
			attributes = {
				BuildIndependentTargetsInParallel = 1;
				LastSwiftUpdateCheck = 1520;
				LastUpgradeCheck = 1520;
				TargetAttributes = {
					A193A53F2EA4B5290012E961 = {
						CreatedOnToolsVersion = 15.2;
					};
				};
			};
			buildConfigurationList = A193A53B2EA4B5290012E961 /* Build configuration list for PBXProject "Devote" */;
			compatibilityVersion = "Xcode 14.0";
			developmentRegion = en;
			hasScannedForEncodings = 0;
			knownRegions = (
				en,
				Base,
			);
			mainGroup = A193A5372EA4B5290012E961;
			productRefGroup = A193A5412EA4B5290012E961 /* Products */;
			projectDirPath = "";
			projectRoot = "";
			targets = (
				A193A53F2EA4B5290012E961 /* Devote */,
			);
		};
/* End PBXProject section */

/* Begin PBXResourcesBuildPhase section */
		A193A53E2EA4B5290012E961 /* Resources */ = {
			isa = PBXResourcesBuildPhase;
			buildActionMask = 2147483647;
			files = (
				A193A55B2EA4B64A0012E961 /* sound-rise.mp3 in Resources */,
				A193A54B2EA4B52A0012E961 /* Preview Assets.xcassets in Resources */,
				A193A5482EA4B52A0012E961 /* Assets.xcassets in Resources */,
				A193A55A2EA4B64A0012E961 /* sound-tap.mp3 in Resources */,
				A193A5592EA4B64A0012E961 /* sound-ding.mp3 in Resources */,
			);
			runOnlyForDeploymentPostprocessing = 0;
		};
/* End PBXResourcesBuildPhase section */

/* Begin PBXSourcesBuildPhase section */
		A193A53C2EA4B5290012E961 /* Sources */ = {
			isa = PBXSourcesBuildPhase;
			buildActionMask = 2147483647;
			files = (
				A193A54D2EA4B52A0012E961 /* Persistence.swift in Sources */,
				A193A5462EA4B5290012E961 /* ContentView.swift in Sources */,
				A193A5692EA4D2740012E961 /* Constant.swift in Sources */,
				A193A5502EA4B52A0012E961 /* Devote.xcdatamodeld in Sources */,
				A193A5442EA4B5290012E961 /* DevoteApp.swift in Sources */,
			);
			runOnlyForDeploymentPostprocessing = 0;
		};
/* End PBXSourcesBuildPhase section */

/* Begin XCBuildConfiguration section */
		A193A5512EA4B52A0012E961 /* Debug */ = {
			isa = XCBuildConfiguration;
			buildSettings = {
				ALWAYS_SEARCH_USER_PATHS = NO;
				ASSETCATALOG_COMPILER_GENERATE_SWIFT_ASSET_SYMBOL_EXTENSIONS = YES;
				CLANG_ANALYZER_NONNULL = YES;
				CLANG_ANALYZER_NUMBER_OBJECT_CONVERSION = YES_AGGRESSIVE;
				CLANG_CXX_LANGUAGE_STANDARD = "gnu++20";
				CLANG_ENABLE_MODULES = YES;
				CLANG_ENABLE_OBJC_ARC = YES;
				CLANG_ENABLE_OBJC_WEAK = YES;
				CLANG_WARN_BLOCK_CAPTURE_AUTORELEASING = YES;
				CLANG_WARN_BOOL_CONVERSION = YES;
				CLANG_WARN_COMMA = YES;
				CLANG_WARN_CONSTANT_CONVERSION = YES;
				CLANG_WARN_DEPRECATED_OBJC_IMPLEMENTATIONS = YES;
				CLANG_WARN_DIRECT_OBJC_ISA_USAGE = YES_ERROR;
				CLANG_WARN_DOCUMENTATION_COMMENTS = YES;
				CLANG_WARN_EMPTY_BODY = YES;
				CLANG_WARN_ENUM_CONVERSION = YES;
				CLANG_WARN_INFINITE_RECURSION = YES;
				CLANG_WARN_INT_CONVERSION = YES;
				CLANG_WARN_NON_LITERAL_NULL_CONVERSION = YES;
				CLANG_WARN_OBJC_IMPLICIT_RETAIN_SELF = YES;
				CLANG_WARN_OBJC_LITERAL_CONVERSION = YES;
				CLANG_WARN_OBJC_ROOT_CLASS = YES_ERROR;
				CLANG_WARN_QUOTED_INCLUDE_IN_FRAMEWORK_HEADER = YES;
				CLANG_WARN_RANGE_LOOP_ANALYSIS = YES;
				CLANG_WARN_STRICT_PROTOTYPES = YES;
				CLANG_WARN_SUSPICIOUS_MOVE = YES;
				CLANG_WARN_UNGUARDED_AVAILABILITY = YES_AGGRESSIVE;
				CLANG_WARN_UNREACHABLE_CODE = YES;
				CLANG_WARN__DUPLICATE_METHOD_MATCH = YES;
				COPY_PHASE_STRIP = NO;
				DEBUG_INFORMATION_FORMAT = dwarf;
				ENABLE_STRICT_OBJC_MSGSEND = YES;
				ENABLE_TESTABILITY = YES;
				ENABLE_USER_SCRIPT_SANDBOXING = YES;
				GCC_C_LANGUAGE_STANDARD = gnu17;
				GCC_DYNAMIC_NO_PIC = NO;
				GCC_NO_COMMON_BLOCKS = YES;
				GCC_OPTIMIZATION_LEVEL = 0;
				GCC_PREPROCESSOR_DEFINITIONS = (
					"DEBUG=1",
					"$(inherited)",
				);
				GCC_WARN_64_TO_32_BIT_CONVERSION = YES;
				GCC_WARN_ABOUT_RETURN_TYPE = YES_ERROR;
				GCC_WARN_UNDECLARED_SELECTOR = YES;
				GCC_WARN_UNINITIALIZED_AUTOS = YES_AGGRESSIVE;
				GCC_WARN_UNUSED_FUNCTION = YES;
				GCC_WARN_UNUSED_VARIABLE = YES;
				IPHONEOS_DEPLOYMENT_TARGET = 17.2;
				LOCALIZATION_PREFERS_STRING_CATALOGS = YES;
				MTL_ENABLE_DEBUG_INFO = INCLUDE_SOURCE;
				MTL_FAST_MATH = YES;
				ONLY_ACTIVE_ARCH = YES;
				SDKROOT = iphoneos;
				SWIFT_ACTIVE_COMPILATION_CONDITIONS = "DEBUG $(inherited)";
				SWIFT_OPTIMIZATION_LEVEL = "-Onone";
			};
			name = Debug;
		};
		A193A5522EA4B52A0012E961 /* Release */ = {
			isa = XCBuildConfiguration;
			buildSettings = {
				ALWAYS_SEARCH_USER_PATHS = NO;
				ASSETCATALOG_COMPILER_GENERATE_SWIFT_ASSET_SYMBOL_EXTENSIONS = YES;
				CLANG_ANALYZER_NONNULL = YES;
				CLANG_ANALYZER_NUMBER_OBJECT_CONVERSION = YES_AGGRESSIVE;
				CLANG_CXX_LANGUAGE_STANDARD = "gnu++20";
				CLANG_ENABLE_MODULES = YES;
				CLANG_ENABLE_OBJC_ARC = YES;
				CLANG_ENABLE_OBJC_WEAK = YES;
				CLANG_WARN_BLOCK_CAPTURE_AUTORELEASING = YES;
				CLANG_WARN_BOOL_CONVERSION = YES;
				CLANG_WARN_COMMA = YES;
				CLANG_WARN_CONSTANT_CONVERSION = YES;
				CLANG_WARN_DEPRECATED_OBJC_IMPLEMENTATIONS = YES;
				CLANG_WARN_DIRECT_OBJC_ISA_USAGE = YES_ERROR;
				CLANG_WARN_DOCUMENTATION_COMMENTS = YES;
				CLANG_WARN_EMPTY_BODY = YES;
				CLANG_WARN_ENUM_CONVERSION = YES;
				CLANG_WARN_INFINITE_RECURSION = YES;
				CLANG_WARN_INT_CONVERSION = YES;
				CLANG_WARN_NON_LITERAL_NULL_CONVERSION = YES;
				CLANG_WARN_OBJC_IMPLICIT_RETAIN_SELF = YES;
				CLANG_WARN_OBJC_LITERAL_CONVERSION = YES;
				CLANG_WARN_OBJC_ROOT_CLASS = YES_ERROR;
				CLANG_WARN_QUOTED_INCLUDE_IN_FRAMEWORK_HEADER = YES;
				CLANG_WARN_RANGE_LOOP_ANALYSIS = YES;
				CLANG_WARN_STRICT_PROTOTYPES = YES;
				CLANG_WARN_SUSPICIOUS_MOVE = YES;
				CLANG_WARN_UNGUARDED_AVAILABILITY = YES_AGGRESSIVE;
				CLANG_WARN_UNREACHABLE_CODE = YES;
				CLANG_WARN__DUPLICATE_METHOD_MATCH = YES;
				COPY_PHASE_STRIP = NO;
				DEBUG_INFORMATION_FORMAT = "dwarf-with-dsym";
				ENABLE_NS_ASSERTIONS = NO;
				ENABLE_STRICT_OBJC_MSGSEND = YES;
				ENABLE_USER_SCRIPT_SANDBOXING = YES;
				GCC_C_LANGUAGE_STANDARD = gnu17;
				GCC_NO_COMMON_BLOCKS = YES;
				GCC_WARN_64_TO_32_BIT_CONVERSION = YES;
				GCC_WARN_ABOUT_RETURN_TYPE = YES_ERROR;
				GCC_WARN_UNDECLARED_SELECTOR = YES;
				GCC_WARN_UNINITIALIZED_AUTOS = YES_AGGRESSIVE;
				GCC_WARN_UNUSED_FUNCTION = YES;
				GCC_WARN_UNUSED_VARIABLE = YES;
				IPHONEOS_DEPLOYMENT_TARGET = 17.2;
				LOCALIZATION_PREFERS_STRING_CATALOGS = YES;
				MTL_ENABLE_DEBUG_INFO = NO;
				MTL_FAST_MATH = YES;
				SDKROOT = iphoneos;
				SWIFT_COMPILATION_MODE = wholemodule;
				VALIDATE_PRODUCT = YES;
			};
			name = Release;
		};
		A193A5542EA4B52A0012E961 /* Debug */ = {
			isa = XCBuildConfiguration;
			buildSettings = {
				ASSETCATALOG_COMPILER_APPICON_NAME = AppIcon;
				ASSETCATALOG_COMPILER_GLOBAL_ACCENT_COLOR_NAME = AccentColor;
				CODE_SIGN_STYLE = Automatic;
				CURRENT_PROJECT_VERSION = 1;
				DEVELOPMENT_ASSET_PATHS = "\"Devote/Preview Content\"";
				DEVELOPMENT_TEAM = VL7UX5NMQZ;
				ENABLE_PREVIEWS = YES;
				GENERATE_INFOPLIST_FILE = YES;
				INFOPLIST_FILE = Devote/Info.plist;
				INFOPLIST_KEY_UIApplicationSceneManifest_Generation = YES;
				INFOPLIST_KEY_UIApplicationSupportsIndirectInputEvents = YES;
				INFOPLIST_KEY_UISupportedInterfaceOrientations = "UIInterfaceOrientationLandscapeLeft UIInterfaceOrientationLandscapeRight UIInterfaceOrientationPortrait";
				INFOPLIST_KEY_UISupportedInterfaceOrientations_iPad = "UIInterfaceOrientationPortrait UIInterfaceOrientationPortraitUpsideDown";
				LD_RUNPATH_SEARCH_PATHS = (
					"$(inherited)",
					"@executable_path/Frameworks",
				);
				MARKETING_VERSION = 1.0;
				PRODUCT_BUNDLE_IDENTIFIER = com.moloud.Devote;
				PRODUCT_NAME = "$(TARGET_NAME)";
				SWIFT_EMIT_LOC_STRINGS = YES;
				SWIFT_VERSION = 5.0;
				TARGETED_DEVICE_FAMILY = "1,2";
			};
			name = Debug;
		};
		A193A5552EA4B52A0012E961 /* Release */ = {
			isa = XCBuildConfiguration;
			buildSettings = {
				ASSETCATALOG_COMPILER_APPICON_NAME = AppIcon;
				ASSETCATALOG_COMPILER_GLOBAL_ACCENT_COLOR_NAME = AccentColor;
				CODE_SIGN_STYLE = Automatic;
				CURRENT_PROJECT_VERSION = 1;
				DEVELOPMENT_ASSET_PATHS = "\"Devote/Preview Content\"";
				DEVELOPMENT_TEAM = VL7UX5NMQZ;
				ENABLE_PREVIEWS = YES;
				GENERATE_INFOPLIST_FILE = YES;
				INFOPLIST_FILE = Devote/Info.plist;
				INFOPLIST_KEY_UIApplicationSceneManifest_Generation = YES;
				INFOPLIST_KEY_UIApplicationSupportsIndirectInputEvents = YES;
				INFOPLIST_KEY_UISupportedInterfaceOrientations = "UIInterfaceOrientationLandscapeLeft UIInterfaceOrientationLandscapeRight UIInterfaceOrientationPortrait";
				INFOPLIST_KEY_UISupportedInterfaceOrientations_iPad = "UIInterfaceOrientationPortrait UIInterfaceOrientationPortraitUpsideDown";
				LD_RUNPATH_SEARCH_PATHS = (
					"$(inherited)",
					"@executable_path/Frameworks",
				);
				MARKETING_VERSION = 1.0;
				PRODUCT_BUNDLE_IDENTIFIER = com.moloud.Devote;
				PRODUCT_NAME = "$(TARGET_NAME)";
				SWIFT_EMIT_LOC_STRINGS = YES;
				SWIFT_VERSION = 5.0;
				TARGETED_DEVICE_FAMILY = "1,2";
			};
			name = Release;
		};
/* End XCBuildConfiguration section */

/* Begin XCConfigurationList section */
		A193A53B2EA4B5290012E961 /* Build configuration list for PBXProject "Devote" */ = {
			isa = XCConfigurationList;
			buildConfigurations = (
				A193A5512EA4B52A0012E961 /* Debug */,
				A193A5522EA4B52A0012E961 /* Release */,
			);
			defaultConfigurationIsVisible = 0;
			defaultConfigurationName = Release;
		};
		A193A5532EA4B52A0012E961 /* Build configuration list for PBXNativeTarget "Devote" */ = {
			isa = XCConfigurationList;
			buildConfigurations = (
				A193A5542EA4B52A0012E961 /* Debug */,
				A193A5552EA4B52A0012E961 /* Release */,
			);
			defaultConfigurationIsVisible = 0;
			defaultConfigurationName = Release;
		};
/* End XCConfigurationList section */

/* Begin XCVersionGroup section */
		A193A54E2EA4B52A0012E961 /* Devote.xcdatamodeld */ = {
			isa = XCVersionGroup;
			children = (
				A193A54F2EA4B52A0012E961 /* Devote.xcdatamodel */,
			);
			currentVersion = A193A54F2EA4B52A0012E961 /* Devote.xcdatamodel */;
			path = Devote.xcdatamodeld;
			sourceTree = "<group>";
			versionGroupType = wrapper.xcdatamodel;
		};
/* End XCVersionGroup section */
	};
	rootObject = A193A5382EA4B5290012E961 /* Project object */;
}
